
Microsoft Visual Studio Solution File, Format Version 12.00
# Visual Studio Version 17
VisualStudioVersion = 17.3.32922.545
MinimumVisualStudioVersion = 10.0.40219.1
Project("{FAE04EC0-301F-11D3-BF4B-00C04F79EFBC}") = "icentrum", "icentrum\icentrum.csproj", "{69B7B847-F3B8-4FD5-A53B-3AF05C72F585}"
EndProject
Global
	GlobalSection(SolutionConfigurationPlatforms) = preSolution
		Debug|Any CPU = Debug|Any CPU
		Release|Any CPU = Release|Any CPU
	EndGlobalSection
	GlobalSection(ProjectConfigurationPlatforms) = postSolution
		{69B7B847-F3B8-4FD5-A53B-3AF05C72F585}.Debug|Any CPU.ActiveCfg = Debug|Any CPU
		{69B7B847-F3B8-4FD5-A53B-3AF05C72F585}.Debug|Any CPU.Build.0 = Debug|Any CPU
		{69B7B847-F3B8-4FD5-A53B-3AF05C72F585}.Release|Any CPU.ActiveCfg = Release|Any CPU
		{69B7B847-F3B8-4FD5-A53B-3AF05C72F585}.Release|Any CPU.Build.0 = Release|Any CPU
	EndGlobalSection
	GlobalSection(SolutionProperties) = preSolution
		HideSolutionNode = FALSE
	EndGlobalSection
	GlobalSection(ExtensibilityGlobals) = postSolution
		SolutionGuid = {1451C845-56DD-4CFB-B30A-6C2B98ED6016}
	EndGlobalSection
EndGlobal
